{
	"name": "@smartthings/cli-testlib",
	"version": "0.0.0",
	"lockfileVersion": 1,
	"requires": true,
	"dependencies": {
		"node": {
			"version": "12.16.0",
			"resolved": "https://registry.npmjs.org/node/-/node-12.16.0.tgz",
			"integrity": "sha512-jziWHn9r7kV/AYziUiltTL/rnMC246hmVVQp87aL26pIFJiQPP33pDrRHbexXrwdhWxXeM808ZO1o8Tl6jkurw==",
			"requires": {
				"node-bin-setup": "^1.0.0"
			}
		},
		"node-bin-setup": {
			"version": "1.0.6",
			"resolved": "https://registry.npmjs.org/node-bin-setup/-/node-bin-setup-1.0.6.tgz",
			"integrity": "sha512-uPIxXNis1CRbv1DwqAxkgBk5NFV3s7cMN/Gf556jSw6jBvV7ca4F9lRL/8cALcZecRibeqU+5dFYqFFmzv5a0Q=="
		},
		"typescript": {
			"version": "3.7.5",
			"resolved": "https://registry.npmjs.org/typescript/-/typescript-3.7.5.tgz",
			"integrity": "sha512-/P5lkRXkWHNAbcJIiHPfRoKqyd7bsyCma1hZNUGfn20qm64T6ZBlrzprymeu918H+mB/0rIg2gGK/BXkhhYgBw==",
			"dev": true
		}
	}
}
