{
	"name": "@smartthings/cli-testlib",
	"version": "0.0.0",
	"lockfileVersion": 1,
	"requires": true,
	"dependencies": {
		"node": {
			"version": "12.17.0",
			"resolved": "https://registry.npmjs.org/node/-/node-12.17.0.tgz",
			"integrity": "sha512-E1iGsnJHSkuSDDOn2SQdYTVkHqVSxaf+B0eFNYiE/Tq7+jmc6zqfeA7pmAHkgKg2sE2HuYWLVvp60fz28zEsVA==",
			"requires": {
				"node-bin-setup": "^1.0.0"
			}
		},
		"node-bin-setup": {
			"version": "1.0.6",
			"resolved": "https://registry.npmjs.org/node-bin-setup/-/node-bin-setup-1.0.6.tgz",
			"integrity": "sha512-uPIxXNis1CRbv1DwqAxkgBk5NFV3s7cMN/Gf556jSw6jBvV7ca4F9lRL/8cALcZecRibeqU+5dFYqFFmzv5a0Q=="
		},
		"typescript": {
			"version": "3.9.3",
			"resolved": "https://registry.npmjs.org/typescript/-/typescript-3.9.3.tgz",
			"integrity": "sha512-D/wqnB2xzNFIcoBG9FG8cXRDjiqSTbG2wd8DMZeQyJlP1vfTkIxH4GKveWaEBYySKIg+USu+E+EDIR47SqnaMQ==",
			"dev": true
		}
	}
}
