{
	"name": "@smartthings/cli-lib",
	"version": "0.0.0-pre.13",
	"lockfileVersion": 1,
	"requires": true,
	"dependencies": {
		"@smartthings/core-sdk": {
			"version": "1.1.2",
			"resolved": "https://registry.npmjs.org/@smartthings/core-sdk/-/core-sdk-1.1.2.tgz",
			"integrity": "sha512-2Va6RkNA89o4MailmmZsNazhm4E4caQJpjiDjXkH1DX3UIOFoXvtPKeG9lAq4UgSmJ3bx3qRVSUhbUDJJbVJQQ==",
			"requires": {
				"async-mutex": "^0.2.1",
				"axios": "^0.19.2",
				"http-signature": "^1.3.4",
				"qs": "^6.9.3",
				"sshpk": "^1.16.1",
				"underscore": "^1.10.2"
			},
			"dependencies": {
				"asn1": {
					"version": "0.2.4",
					"resolved": "https://registry.npmjs.org/asn1/-/asn1-0.2.4.tgz",
					"integrity": "sha512-jxwzQpLQjSmWXgwaCZE9Nz+glAG01yF1QnWgbhGwHI5A6FRIEY6IVqtHhIepHqI7/kyEyQEagBC5mBEFlIYvdg==",
					"requires": {
						"safer-buffer": "~2.1.0"
					}
				},
				"assert-plus": {
					"version": "1.0.0",
					"resolved": "https://registry.npmjs.org/assert-plus/-/assert-plus-1.0.0.tgz",
					"integrity": "sha1-8S4PPF13sLHN2RRpQuTpbB5N1SU="
				},
				"async-mutex": {
					"version": "0.2.4",
					"resolved": "https://registry.npmjs.org/async-mutex/-/async-mutex-0.2.4.tgz",
					"integrity": "sha512-fcQKOXUKMQc57JlmjBCHtkKNrfGpHyR7vu18RfuLfeTAf4hK9PgOadPR5cDrBQ682zasrLUhJFe7EKAHJOduDg==",
					"requires": {
						"tslib": "^2.0.0"
					}
				},
				"axios": {
					"version": "0.19.2",
					"resolved": "https://registry.npmjs.org/axios/-/axios-0.19.2.tgz",
					"integrity": "sha512-fjgm5MvRHLhx+osE2xoekY70AhARk3a6hkN+3Io1jc00jtquGvxYlKlsFUhmUET0V5te6CcZI7lcv2Ym61mjHA==",
					"requires": {
						"follow-redirects": "1.5.10"
					}
				},
				"bcrypt-pbkdf": {
					"version": "1.0.2",
					"resolved": "https://registry.npmjs.org/bcrypt-pbkdf/-/bcrypt-pbkdf-1.0.2.tgz",
					"integrity": "sha1-pDAdOJtqQ/m2f/PKEaP2Y342Dp4=",
					"requires": {
						"tweetnacl": "^0.14.3"
					}
				},
				"core-util-is": {
					"version": "1.0.2",
					"resolved": "https://registry.npmjs.org/core-util-is/-/core-util-is-1.0.2.tgz",
					"integrity": "sha1-tf1UIgqivFq1eqtxQMlAdUUDwac="
				},
				"dashdash": {
					"version": "1.14.1",
					"resolved": "https://registry.npmjs.org/dashdash/-/dashdash-1.14.1.tgz",
					"integrity": "sha1-hTz6D3y+L+1d4gMmuN1YEDX24vA=",
					"requires": {
						"assert-plus": "^1.0.0"
					}
				},
				"debug": {
					"version": "3.1.0",
					"resolved": "https://registry.npmjs.org/debug/-/debug-3.1.0.tgz",
					"integrity": "sha512-OX8XqP7/1a9cqkxYw2yXss15f26NKWBpDXQd0/uK/KPqdQhxbPa994hnzjcE2VqQpDslf55723cKPUOGSmMY3g==",
					"requires": {
						"ms": "2.0.0"
					}
				},
				"ecc-jsbn": {
					"version": "0.1.2",
					"resolved": "https://registry.npmjs.org/ecc-jsbn/-/ecc-jsbn-0.1.2.tgz",
					"integrity": "sha1-OoOpBOVDUyh4dMVkt1SThoSamMk=",
					"requires": {
						"jsbn": "~0.1.0",
						"safer-buffer": "^2.1.0"
					}
				},
				"extsprintf": {
					"version": "1.3.0",
					"resolved": "https://registry.npmjs.org/extsprintf/-/extsprintf-1.3.0.tgz",
					"integrity": "sha1-lpGEQOMEGnpBT4xS48V06zw+HgU="
				},
				"follow-redirects": {
					"version": "1.5.10",
					"resolved": "https://registry.npmjs.org/follow-redirects/-/follow-redirects-1.5.10.tgz",
					"integrity": "sha512-0V5l4Cizzvqt5D44aTXbFZz+FtyXV1vrDN6qrelxtfYQKW0KO0W2T/hkE8xvGa/540LkZlkaUjO4ailYTFtHVQ==",
					"requires": {
						"debug": "=3.1.0"
					}
				},
				"getpass": {
					"version": "0.1.7",
					"resolved": "https://registry.npmjs.org/getpass/-/getpass-0.1.7.tgz",
					"integrity": "sha1-Xv+OPmhNVprkyysSgmBOi6YhSfo=",
					"requires": {
						"assert-plus": "^1.0.0"
					}
				},
				"http-signature": {
					"version": "1.3.4",
					"resolved": "https://registry.npmjs.org/http-signature/-/http-signature-1.3.4.tgz",
					"integrity": "sha512-CbG3io8gUSIxNNSgq+XMjgpTMzAeVRipxVXjuGrDhH5M1a2kZ03w20s8FCLR1NjnnJj10KbvabvckmtQcYNb9g==",
					"requires": {
						"assert-plus": "^1.0.0",
						"jsprim": "^1.2.2",
						"sshpk": "^1.14.1"
					}
				},
				"jsbn": {
					"version": "0.1.1",
					"resolved": "https://registry.npmjs.org/jsbn/-/jsbn-0.1.1.tgz",
					"integrity": "sha1-peZUwuWi3rXyAdls77yoDA7y9RM="
				},
				"json-schema": {
					"version": "0.2.3",
					"resolved": "https://registry.npmjs.org/json-schema/-/json-schema-0.2.3.tgz",
					"integrity": "sha1-tIDIkuWaLwWVTOcnvT8qTogvnhM="
				},
				"jsprim": {
					"version": "1.4.1",
					"resolved": "https://registry.npmjs.org/jsprim/-/jsprim-1.4.1.tgz",
					"integrity": "sha1-MT5mvB5cwG5Di8G3SZwuXFastqI=",
					"requires": {
						"assert-plus": "1.0.0",
						"extsprintf": "1.3.0",
						"json-schema": "0.2.3",
						"verror": "1.10.0"
					}
				},
				"ms": {
					"version": "2.0.0",
					"resolved": "https://registry.npmjs.org/ms/-/ms-2.0.0.tgz",
					"integrity": "sha1-VgiurfwAvmwpAd9fmGF4jeDVl8g="
				},
				"qs": {
					"version": "6.9.4",
					"resolved": "https://registry.npmjs.org/qs/-/qs-6.9.4.tgz",
					"integrity": "sha512-A1kFqHekCTM7cz0udomYUoYNWjBebHm/5wzU/XqrBRBNWectVH0QIiN+NEcZ0Dte5hvzHwbr8+XQmguPhJ6WdQ=="
				},
				"safer-buffer": {
					"version": "2.1.2",
					"resolved": "https://registry.npmjs.org/safer-buffer/-/safer-buffer-2.1.2.tgz",
					"integrity": "sha512-YZo3K82SD7Riyi0E1EQPojLz7kpepnSQI9IyPbHHg1XXXevb5dJI7tpyN2ADxGcQbHG7vcyRHk0cbwqcQriUtg=="
				},
				"sshpk": {
					"version": "1.16.1",
					"resolved": "https://registry.npmjs.org/sshpk/-/sshpk-1.16.1.tgz",
					"integrity": "sha512-HXXqVUq7+pcKeLqqZj6mHFUMvXtOJt1uoUx09pFW6011inTMxqI8BA8PM95myrIyyKwdnzjdFjLiE6KBPVtJIg==",
					"requires": {
						"asn1": "~0.2.3",
						"assert-plus": "^1.0.0",
						"bcrypt-pbkdf": "^1.0.0",
						"dashdash": "^1.12.0",
						"ecc-jsbn": "~0.1.1",
						"getpass": "^0.1.1",
						"jsbn": "~0.1.0",
						"safer-buffer": "^2.0.2",
						"tweetnacl": "~0.14.0"
					}
				},
				"tslib": {
					"version": "2.0.1",
					"resolved": "https://registry.npmjs.org/tslib/-/tslib-2.0.1.tgz",
					"integrity": "sha512-SgIkNheinmEBgx1IUNirK0TUD4X9yjjBRTqqjggWCU3pUEqIk3/Uwl3yRixYKT6WjQuGiwDv4NomL3wqRCj+CQ=="
				},
				"tweetnacl": {
					"version": "0.14.5",
					"resolved": "https://registry.npmjs.org/tweetnacl/-/tweetnacl-0.14.5.tgz",
					"integrity": "sha1-WuaBd/GS1EViadEIr6k/+HQ/T2Q="
				},
				"underscore": {
					"version": "1.11.0",
					"resolved": "https://registry.npmjs.org/underscore/-/underscore-1.11.0.tgz",
					"integrity": "sha512-xY96SsN3NA461qIRKZ/+qox37YXPtSBswMGfiNptr+wrt6ds4HaMw23TP612fEyGekRE6LNRiLYr/aqbHXNedw=="
				},
				"verror": {
					"version": "1.10.0",
					"resolved": "https://registry.npmjs.org/verror/-/verror-1.10.0.tgz",
					"integrity": "sha1-OhBcoXBTr1XW4nDB+CiGguGNpAA=",
					"requires": {
						"assert-plus": "^1.0.0",
						"core-util-is": "1.0.2",
						"extsprintf": "^1.2.0"
					}
				}
			}
		}
	}
}
