{
	"name": "@smartthings/cli",
	"version": "0.0.0",
	"lockfileVersion": 1,
	"requires": true,
	"dependencies": {
		"is-docker": {
			"version": "2.0.0",
			"resolved": "https://registry.npmjs.org/is-docker/-/is-docker-2.0.0.tgz",
			"integrity": "sha512-pJEdRugimx4fBMra5z2/5iRdZ63OhYV0vr0Dwm5+xtW4D1FvRkB8hamMIhnWfyJeDdyr/aa7BDyNbtG38VxgoQ=="
		},
		"open": {
			"version": "7.0.2",
			"resolved": "https://registry.npmjs.org/open/-/open-7.0.2.tgz",
			"integrity": "sha512-70E/pFTPr7nZ9nLDPNTcj3IVqnNvKuP4VsBmoKV9YGTnChe0mlS3C4qM7qKarhZ8rGaHKLfo+vBTHXDp6ZSyLQ==",
			"requires": {
				"is-docker": "^2.0.0",
				"is-wsl": "^2.1.1"
			},
			"dependencies": {
				"is-wsl": {
					"version": "2.1.1",
					"resolved": "https://registry.npmjs.org/is-wsl/-/is-wsl-2.1.1.tgz",
					"integrity": "sha512-umZHcSrwlDHo2TGMXv0DZ8dIUGunZ2Iv68YZnrmCiBPkZ4aaOhtv7pXJKeki9k3qJ3RJr0cDyitcl5wEH3AYog=="
				}
			}
		}
	}
}
